
Microsoft Visual Studio Solution File, Format Version 12.00
# Visual Studio 2017
Project("{FAE04EC0-301F-11D3-BF4B-00C04F79EFBC}") = "Platform2D", "Platform2D.csproj", "{3C62EF8D-1790-A9C2-3A57-FC49F73BEE78}"
EndProject
Global
	GlobalSection(SolutionConfigurationPlatforms) = preSolution
		Debug|Any CPU = Debug|Any CPU
		Release|Any CPU = Release|Any CPU
	EndGlobalSection
	GlobalSection(ProjectConfigurationPlatforms) = postSolution
		{3C62EF8D-1790-A9C2-3A57-FC49F73BEE78}.Debug|Any CPU.ActiveCfg = Debug|Any CPU
		{3C62EF8D-1790-A9C2-3A57-FC49F73BEE78}.Debug|Any CPU.Build.0 = Debug|Any CPU
		{3C62EF8D-1790-A9C2-3A57-FC49F73BEE78}.Release|Any CPU.ActiveCfg = Release|Any CPU
		{3C62EF8D-1790-A9C2-3A57-FC49F73BEE78}.Release|Any CPU.Build.0 = Release|Any CPU
	EndGlobalSection
	GlobalSection(SolutionProperties) = preSolution
		HideSolutionNode = FALSE
	EndGlobalSection
EndGlobal
